
Microsoft Visual Studio Solution File, Format Version 12.00
# Visual Studio 15
VisualStudioVersion = 15.0.28307.1800
MinimumVisualStudioVersion = 10.0.40219.1
Project("{D2ABAB84-BF74-430A-B69E-9DC6D40DDA17}") = "Insurance_Claims_Fraud_SSAS", "Insurance_Claims_Fraud_SSAS\Insurance_Claims_Fraud_SSAS.dwproj", "{FD5CEB06-F27E-4719-B22A-27F2C2C76A5C}"
EndProject
Global
	GlobalSection(SolutionConfigurationPlatforms) = preSolution
		Development|Default = Development|Default
	EndGlobalSection
	GlobalSection(ProjectConfigurationPlatforms) = postSolution
		{FD5CEB06-F27E-4719-B22A-27F2C2C76A5C}.Development|Default.ActiveCfg = Development
		{FD5CEB06-F27E-4719-B22A-27F2C2C76A5C}.Development|Default.Build.0 = Development
		{FD5CEB06-F27E-4719-B22A-27F2C2C76A5C}.Development|Default.Deploy.0 = Development
	EndGlobalSection
	GlobalSection(SolutionProperties) = preSolution
		HideSolutionNode = FALSE
	EndGlobalSection
	GlobalSection(ExtensibilityGlobals) = postSolution
		SolutionGuid = {9B7FA3EA-E834-4C03-86B7-042658589C5A}
	EndGlobalSection
EndGlobal
